
Microsoft Visual Studio Solution File, Format Version 12.00
# Visual Studio Version 17
VisualStudioVersion = 17.14.37203.1 d17.14
MinimumVisualStudioVersion = 10.0.40219.1
Project("{FAE04EC0-301F-11D3-BF4B-00C04F79EFBC}") = "EasySave", "EasySave\EasySave.csproj", "{F51F94FA-5E79-46AE-A39E-DB4D4ADEB348}"
EndProject
Project("{FAE04EC0-301F-11D3-BF4B-00C04F79EFBC}") = "EasyLog", "..\EasyLog\EasyLog.csproj", "{CF4BF3BF-EE1B-40C9-9286-0F6D1493B5D7}"
EndProject
Global
	GlobalSection(SolutionConfigurationPlatforms) = preSolution
		Debug|Any CPU = Debug|Any CPU
		Release|Any CPU = Release|Any CPU
	EndGlobalSection
	GlobalSection(ProjectConfigurationPlatforms) = postSolution
		{F51F94FA-5E79-46AE-A39E-DB4D4ADEB348}.Debug|Any CPU.ActiveCfg = Debug|Any CPU
		{F51F94FA-5E79-46AE-A39E-DB4D4ADEB348}.Debug|Any CPU.Build.0 = Debug|Any CPU
		{F51F94FA-5E79-46AE-A39E-DB4D4ADEB348}.Release|Any CPU.ActiveCfg = Release|Any CPU
		{F51F94FA-5E79-46AE-A39E-DB4D4ADEB348}.Release|Any CPU.Build.0 = Release|Any CPU
		{CF4BF3BF-EE1B-40C9-9286-0F6D1493B5D7}.Debug|Any CPU.ActiveCfg = Debug|Any CPU
		{CF4BF3BF-EE1B-40C9-9286-0F6D1493B5D7}.Debug|Any CPU.Build.0 = Debug|Any CPU
		{CF4BF3BF-EE1B-40C9-9286-0F6D1493B5D7}.Release|Any CPU.ActiveCfg = Release|Any CPU
		{CF4BF3BF-EE1B-40C9-9286-0F6D1493B5D7}.Release|Any CPU.Build.0 = Release|Any CPU
	EndGlobalSection
	GlobalSection(SolutionProperties) = preSolution
		HideSolutionNode = FALSE
	EndGlobalSection
	GlobalSection(ExtensibilityGlobals) = postSolution
		SolutionGuid = {1210EEFF-DE47-47D0-A0F5-A18141939DD3}
	EndGlobalSection
EndGlobal
